
Microsoft Visual Studio Solution File, Format Version 12.00
# Visual Studio Version 17
VisualStudioVersion = 17.14.36203.30 d17.14
MinimumVisualStudioVersion = 10.0.40219.1
Project("{FAE04EC0-301F-11D3-BF4B-00C04F79EFBC}") = "ElearningPlatform.Api", "ElearningPlatform.Api\ElearningPlatform.Api.csproj", "{B3E447D1-4CB4-4F6E-8EE5-60972198FC01}"
EndProject
Project("{FAE04EC0-301F-11D3-BF4B-00C04F79EFBC}") = "ElearningPlatform.Infrastructure", "ElearningPlatform.Infrastructure\ElearningPlatform.Infrastructure.csproj", "{E4A93D16-38F6-4E9B-844F-2BB0FDCB64F8}"
EndProject
Project("{FAE04EC0-301F-11D3-BF4B-00C04F79EFBC}") = "ElearningPlatform.Application", "ElearningPlatform.Application\ElearningPlatform.Application.csproj", "{FE87E0D5-EF2B-405C-889A-1366A77B84E6}"
EndProject
Project("{FAE04EC0-301F-11D3-BF4B-00C04F79EFBC}") = "ElearningPlatform.Domain", "ElearningPlatform.Domain\ElearningPlatform.Domain.csproj", "{C7D3FB44-ED4D-40AE-A4E9-A2D075AAAE33}"
EndProject
Global
	GlobalSection(SolutionConfigurationPlatforms) = preSolution
		Debug|Any CPU = Debug|Any CPU
		Release|Any CPU = Release|Any CPU
	EndGlobalSection
	GlobalSection(ProjectConfigurationPlatforms) = postSolution
		{B3E447D1-4CB4-4F6E-8EE5-60972198FC01}.Debug|Any CPU.ActiveCfg = Debug|Any CPU
		{B3E447D1-4CB4-4F6E-8EE5-60972198FC01}.Debug|Any CPU.Build.0 = Debug|Any CPU
		{B3E447D1-4CB4-4F6E-8EE5-60972198FC01}.Release|Any CPU.ActiveCfg = Release|Any CPU
		{B3E447D1-4CB4-4F6E-8EE5-60972198FC01}.Release|Any CPU.Build.0 = Release|Any CPU
		{E4A93D16-38F6-4E9B-844F-2BB0FDCB64F8}.Debug|Any CPU.ActiveCfg = Debug|Any CPU
		{E4A93D16-38F6-4E9B-844F-2BB0FDCB64F8}.Debug|Any CPU.Build.0 = Debug|Any CPU
		{E4A93D16-38F6-4E9B-844F-2BB0FDCB64F8}.Release|Any CPU.ActiveCfg = Release|Any CPU
		{E4A93D16-38F6-4E9B-844F-2BB0FDCB64F8}.Release|Any CPU.Build.0 = Release|Any CPU
		{FE87E0D5-EF2B-405C-889A-1366A77B84E6}.Debug|Any CPU.ActiveCfg = Debug|Any CPU
		{FE87E0D5-EF2B-405C-889A-1366A77B84E6}.Debug|Any CPU.Build.0 = Debug|Any CPU
		{FE87E0D5-EF2B-405C-889A-1366A77B84E6}.Release|Any CPU.ActiveCfg = Release|Any CPU
		{FE87E0D5-EF2B-405C-889A-1366A77B84E6}.Release|Any CPU.Build.0 = Release|Any CPU
		{C7D3FB44-ED4D-40AE-A4E9-A2D075AAAE33}.Debug|Any CPU.ActiveCfg = Debug|Any CPU
		{C7D3FB44-ED4D-40AE-A4E9-A2D075AAAE33}.Debug|Any CPU.Build.0 = Debug|Any CPU
		{C7D3FB44-ED4D-40AE-A4E9-A2D075AAAE33}.Release|Any CPU.ActiveCfg = Release|Any CPU
		{C7D3FB44-ED4D-40AE-A4E9-A2D075AAAE33}.Release|Any CPU.Build.0 = Release|Any CPU
	EndGlobalSection
	GlobalSection(SolutionProperties) = preSolution
		HideSolutionNode = FALSE
	EndGlobalSection
	GlobalSection(ExtensibilityGlobals) = postSolution
		SolutionGuid = {4F241D3C-D441-4CD0-BED4-9C5EF6773ED5}
	EndGlobalSection
EndGlobal
